
Microsoft Visual Studio Solution File, Format Version 12.00
# Visual Studio Version 17
VisualStudioVersion = 17.0.31612.314
MinimumVisualStudioVersion = 10.0.40219.1
Project("{9A19103F-16F7-4668-BE54-9A1E7A4F7556}") = "Densen.Extensions.BootstrapBlazor", "Blazor\Densen.Extensions.BootstrapBlazor.csproj", "{512F6B84-EED3-41B4-86B1-8FA4B731BEC3}"
EndProject
Project("{9A19103F-16F7-4668-BE54-9A1E7A4F7556}") = "AME.Extensions", "AME.Extensions\AME.Extensions.csproj", "{68CB8576-40EF-4D44-B164-385750B2A715}"
EndProject
Project("{2150E333-8FDC-42A3-9474-1A3956D46DE8}") = "Demo", "Demo", "{F5606303-B842-479D-B99B-4DB88AFED211}"
EndProject
Project("{9A19103F-16F7-4668-BE54-9A1E7A4F7556}") = "DemoLib", "Demo\DemoLib\DemoLib.csproj", "{07155A09-D9AC-4850-94C4-2EF2034F15DA}"
EndProject
Project("{9A19103F-16F7-4668-BE54-9A1E7A4F7556}") = "DemoPWA", "Demo\DemoPWA\DemoPWA.csproj", "{7EDCC43C-D22C-4A10-9334-0D60E600B17B}"
EndProject
Project("{9A19103F-16F7-4668-BE54-9A1E7A4F7556}") = "DemoShared", "Demo\DemoShared\DemoShared.csproj", "{ED2EE2C9-F9C0-4A9F-B643-CE2B67FF415E}"
EndProject
Project("{9A19103F-16F7-4668-BE54-9A1E7A4F7556}") = "DemoSSR", "Demo\DemoSSR\DemoSSR.csproj", "{DE7716CE-0AA5-421F-829C-11A2933CAC11}"
EndProject
Project("{9A19103F-16F7-4668-BE54-9A1E7A4F7556}") = "Densen.Component.Blazor", "Densen.Component.Blazor\Densen.Component.Blazor.csproj", "{FE57EB33-E6B6-42E5-8F36-239736B7FA4C}"
EndProject
Project("{2150E333-8FDC-42A3-9474-1A3956D46DE8}") = "Antd", "Antd", "{F8ED0084-A809-4F0B-BE68-D6B2F694C52C}"
EndProject
Project("{9A19103F-16F7-4668-BE54-9A1E7A4F7556}") = "AntdBlazor", "Demo\Antd\BlazorTest\AntdBlazor.csproj", "{857FCBB9-C965-42EE-B671-434EBE1EEA03}"
EndProject
Project("{2150E333-8FDC-42A3-9474-1A3956D46DE8}") = "Solution Items", "Solution Items", "{2E09641C-00B8-412E-9CC5-C1B2DCC22EB4}"
	ProjectSection(SolutionItems) = preProject
		.gitattributes = .gitattributes
		.gitignore = .gitignore
		Directory.Build.props = Directory.Build.props
		LICENSE = LICENSE
		README.md = README.md
		README.zh-CN.md = README.zh-CN.md
	EndProjectSection
EndProject
Project("{9A19103F-16F7-4668-BE54-9A1E7A4F7556}") = "AME.SortedDirectoryChs", "HtmlDirectoryFormatterExtensions\AME.SortedDirectoryChs.csproj", "{9869FAD1-53C4-4F0F-B887-B00FDC10DF3E}"
EndProject
Project("{9A19103F-16F7-4668-BE54-9A1E7A4F7556}") = "BootstrapBlazor.Bluetooth", "..\BootstrapBlazor.Bluetooth\src\BootstrapBlazor.Bluetooth\BootstrapBlazor.Bluetooth.csproj", "{B1E33822-B845-44BE-80B2-CBD7428DF9CD}"
EndProject
Project("{2150E333-8FDC-42A3-9474-1A3956D46DE8}") = "Component", "Component", "{7598D3CE-5270-4A5E-9A66-E8E8CC771339}"
EndProject
Project("{9A19103F-16F7-4668-BE54-9A1E7A4F7556}") = "BootstrapBlazor.OCR", "..\BootstrapBlazor.OCR\src\BootstrapBlazor.OCR\BootstrapBlazor.OCR.csproj", "{301D7265-E9B5-43DF-A34F-8B85E0CA5532}"
EndProject
Project("{9A19103F-16F7-4668-BE54-9A1E7A4F7556}") = "BootstrapBlazor.OnScreenKeyboard", "..\BootstrapBlazor.OnScreenKeyboard\src\BootstrapBlazor.OnScreenKeyboard\BootstrapBlazor.OnScreenKeyboard.csproj", "{B8FC0C21-64D7-47F1-AAB8-48AFE2C65D29}"
EndProject
Project("{9A19103F-16F7-4668-BE54-9A1E7A4F7556}") = "BootstrapBlazor.SignaturePad", "..\BootstrapBlazor.SignaturePad\src\BootstrapBlazor.SignaturePad\BootstrapBlazor.SignaturePad.csproj", "{E0BFC14C-8D4F-4D0F-B9A0-56ED2DD10CB5}"
EndProject
Project("{9A19103F-16F7-4668-BE54-9A1E7A4F7556}") = "BootstrapBlazor.Maps", "..\BootstrapBlazor.Maps\src\BootstrapBlazor.Maps\BootstrapBlazor.Maps.csproj", "{FDA89B85-D7FC-478D-A3F1-BB234267D19A}"
EndProject
Project("{9A19103F-16F7-4668-BE54-9A1E7A4F7556}") = "BootstrapBlazor.BaiduMap", "..\BootstrapBlazor.BaiduMap\src\BootstrapBlazor.BaiduMap\BootstrapBlazor.BaiduMap.csproj", "{D64480B5-AEF0-4F5E-943F-0E4A8AFFCA96}"
EndProject
Project("{9A19103F-16F7-4668-BE54-9A1E7A4F7556}") = "BootstrapBlazor.Geolocation", "..\BootstrapBlazor.Geolocation\src\BootstrapBlazor.Geolocation\BootstrapBlazor.Geolocation.csproj", "{744EFD28-BD1B-4312-AD9E-1E55022AF0ED}"
EndProject
Project("{9A19103F-16F7-4668-BE54-9A1E7A4F7556}") = "BootstrapBlazor.Viewer", "..\BootstrapBlazor.Viewer\src\BootstrapBlazor.Viewer\BootstrapBlazor.Viewer.csproj", "{A8AE90CF-3FE0-46E6-AB37-C99A7833BA35}"
EndProject
Project("{9A19103F-16F7-4668-BE54-9A1E7A4F7556}") = "BootstrapBlazor.WebAPI", "..\BootstrapBlazor.WebAPI\src\BootstrapBlazor.WebAPI\BootstrapBlazor.WebAPI.csproj", "{C22B46D0-65B5-45C9-89B4-0CF23DE0672C}"
EndProject
Project("{9A19103F-16F7-4668-BE54-9A1E7A4F7556}") = "BootstrapBlazor.FileSystem", "..\BootstrapBlazor.FileSystem\src\BootstrapBlazor.FileSystem\BootstrapBlazor.FileSystem.csproj", "{9286B726-D3B1-4106-84E9-03EDBD0F48D1}"
EndProject
Project("{9A19103F-16F7-4668-BE54-9A1E7A4F7556}") = "BootstrapBlazor.Densen.All", "..\BootstrapBlazor.Densen.All\src\BootstrapBlazor.Densen.All\BootstrapBlazor.Densen.All.csproj", "{15A5215B-AA92-4A88-A267-E7949D3E94C8}"
EndProject
Project("{2150E333-8FDC-42A3-9474-1A3956D46DE8}") = "ext_src", "ext_src", "{84BC19E7-598D-4FA2-9B3B-5049B420A0CD}"
EndProject
Project("{9A19103F-16F7-4668-BE54-9A1E7A4F7556}") = "BootstrapBlazor", "..\BootstrapBlazor\src\BootstrapBlazor\BootstrapBlazor.csproj", "{901F2C35-D835-42CA-A70C-15A57ABD027E}"
EndProject
Project("{9A19103F-16F7-4668-BE54-9A1E7A4F7556}") = "BootstrapBlazor.PdfReader", "..\BootstrapBlazor.PdfReader\src\BootstrapBlazor.PdfReader\BootstrapBlazor.PdfReader.csproj", "{CCA12AAB-2BC9-4AC8-8373-A9E5D0B655D9}"
EndProject
Project("{9A19103F-16F7-4668-BE54-9A1E7A4F7556}") = "BootstrapBlazor.VideoPlayer", "..\BootstrapBlazor.VideoPlayer\src\BootstrapBlazor.VideoPlayer\BootstrapBlazor.VideoPlayer.csproj", "{B43CDF79-68AB-4A77-8DF2-11CFC0268BD7}"
EndProject
Project("{9A19103F-16F7-4668-BE54-9A1E7A4F7556}") = "BootstrapBlazor.FileViewer", "..\BootstrapBlazor.FileViewer\src\BootstrapBlazor.FileViewer\BootstrapBlazor.FileViewer.csproj", "{0E35B73F-F546-412D-8DD9-7F39C9205D34}"
EndProject
Project("{9A19103F-16F7-4668-BE54-9A1E7A4F7556}") = "DemoBlazorWpfApp", "Demo\DemoBlazorWpfApp\DemoBlazorWpfApp.csproj", "{4EF1B70D-EDAD-40B7-A67C-B7A995F5340F}"
EndProject
Project("{9A19103F-16F7-4668-BE54-9A1E7A4F7556}") = "PropertiesTools", "PropertiesTools\PropertiesTools.csproj", "{A4463ABB-D3B0-4F18-8B1C-F27164C3966A}"
EndProject
Project("{9A19103F-16F7-4668-BE54-9A1E7A4F7556}") = "ZXingBlazor", "..\ZXingBlazor\src\ZXingBlazor\ZXingBlazor.csproj", "{90B905AE-81E5-4FC6-971F-BFD0D14C807C}"
EndProject
Project("{FAE04EC0-301F-11D3-BF4B-00C04F79EFBC}") = "TestOCR", "..\BootstrapBlazor.OCR\TestOCR\TestOCR.csproj", "{3AB06A0E-FCE1-4782-812C-E12A492E4772}"
EndProject
Project("{2150E333-8FDC-42A3-9474-1A3956D46DE8}") = "Test", "Test", "{E6D4F13B-9013-4707-9E6B-5190B9E32A1F}"
EndProject
Global
	GlobalSection(SolutionConfigurationPlatforms) = preSolution
		Debug|Any CPU = Debug|Any CPU
		Preview|Any CPU = Preview|Any CPU
		Release|Any CPU = Release|Any CPU
	EndGlobalSection
	GlobalSection(ProjectConfigurationPlatforms) = postSolution
		{512F6B84-EED3-41B4-86B1-8FA4B731BEC3}.Debug|Any CPU.ActiveCfg = Debug|Any CPU
		{512F6B84-EED3-41B4-86B1-8FA4B731BEC3}.Debug|Any CPU.Build.0 = Debug|Any CPU
		{512F6B84-EED3-41B4-86B1-8FA4B731BEC3}.Preview|Any CPU.ActiveCfg = Preview|Any CPU
		{512F6B84-EED3-41B4-86B1-8FA4B731BEC3}.Preview|Any CPU.Build.0 = Preview|Any CPU
		{512F6B84-EED3-41B4-86B1-8FA4B731BEC3}.Release|Any CPU.ActiveCfg = Release|Any CPU
		{512F6B84-EED3-41B4-86B1-8FA4B731BEC3}.Release|Any CPU.Build.0 = Release|Any CPU
		{68CB8576-40EF-4D44-B164-385750B2A715}.Debug|Any CPU.ActiveCfg = Debug|Any CPU
		{68CB8576-40EF-4D44-B164-385750B2A715}.Debug|Any CPU.Build.0 = Debug|Any CPU
		{68CB8576-40EF-4D44-B164-385750B2A715}.Preview|Any CPU.ActiveCfg = Preview|Any CPU
		{68CB8576-40EF-4D44-B164-385750B2A715}.Preview|Any CPU.Build.0 = Preview|Any CPU
		{68CB8576-40EF-4D44-B164-385750B2A715}.Release|Any CPU.ActiveCfg = Release|Any CPU
		{68CB8576-40EF-4D44-B164-385750B2A715}.Release|Any CPU.Build.0 = Release|Any CPU
		{07155A09-D9AC-4850-94C4-2EF2034F15DA}.Debug|Any CPU.ActiveCfg = Debug|Any CPU
		{07155A09-D9AC-4850-94C4-2EF2034F15DA}.Debug|Any CPU.Build.0 = Debug|Any CPU
		{07155A09-D9AC-4850-94C4-2EF2034F15DA}.Preview|Any CPU.ActiveCfg = Release|Any CPU
		{07155A09-D9AC-4850-94C4-2EF2034F15DA}.Preview|Any CPU.Build.0 = Release|Any CPU
		{07155A09-D9AC-4850-94C4-2EF2034F15DA}.Release|Any CPU.ActiveCfg = Release|Any CPU
		{07155A09-D9AC-4850-94C4-2EF2034F15DA}.Release|Any CPU.Build.0 = Release|Any CPU
		{7EDCC43C-D22C-4A10-9334-0D60E600B17B}.Debug|Any CPU.ActiveCfg = Debug|Any CPU
		{7EDCC43C-D22C-4A10-9334-0D60E600B17B}.Debug|Any CPU.Build.0 = Debug|Any CPU
		{7EDCC43C-D22C-4A10-9334-0D60E600B17B}.Preview|Any CPU.ActiveCfg = Release|Any CPU
		{7EDCC43C-D22C-4A10-9334-0D60E600B17B}.Preview|Any CPU.Build.0 = Release|Any CPU
		{7EDCC43C-D22C-4A10-9334-0D60E600B17B}.Release|Any CPU.ActiveCfg = Release|Any CPU
		{7EDCC43C-D22C-4A10-9334-0D60E600B17B}.Release|Any CPU.Build.0 = Release|Any CPU
		{ED2EE2C9-F9C0-4A9F-B643-CE2B67FF415E}.Debug|Any CPU.ActiveCfg = Debug|Any CPU
		{ED2EE2C9-F9C0-4A9F-B643-CE2B67FF415E}.Debug|Any CPU.Build.0 = Debug|Any CPU
		{ED2EE2C9-F9C0-4A9F-B643-CE2B67FF415E}.Preview|Any CPU.ActiveCfg = Release|Any CPU
		{ED2EE2C9-F9C0-4A9F-B643-CE2B67FF415E}.Preview|Any CPU.Build.0 = Release|Any CPU
		{ED2EE2C9-F9C0-4A9F-B643-CE2B67FF415E}.Release|Any CPU.ActiveCfg = Release|Any CPU
		{ED2EE2C9-F9C0-4A9F-B643-CE2B67FF415E}.Release|Any CPU.Build.0 = Release|Any CPU
		{DE7716CE-0AA5-421F-829C-11A2933CAC11}.Debug|Any CPU.ActiveCfg = Debug|Any CPU
		{DE7716CE-0AA5-421F-829C-11A2933CAC11}.Debug|Any CPU.Build.0 = Debug|Any CPU
		{DE7716CE-0AA5-421F-829C-11A2933CAC11}.Preview|Any CPU.ActiveCfg = Release|Any CPU
		{DE7716CE-0AA5-421F-829C-11A2933CAC11}.Preview|Any CPU.Build.0 = Release|Any CPU
		{DE7716CE-0AA5-421F-829C-11A2933CAC11}.Release|Any CPU.ActiveCfg = Release|Any CPU
		{DE7716CE-0AA5-421F-829C-11A2933CAC11}.Release|Any CPU.Build.0 = Release|Any CPU
		{FE57EB33-E6B6-42E5-8F36-239736B7FA4C}.Debug|Any CPU.ActiveCfg = Debug|Any CPU
		{FE57EB33-E6B6-42E5-8F36-239736B7FA4C}.Debug|Any CPU.Build.0 = Debug|Any CPU
		{FE57EB33-E6B6-42E5-8F36-239736B7FA4C}.Preview|Any CPU.ActiveCfg = Debug|Any CPU
		{FE57EB33-E6B6-42E5-8F36-239736B7FA4C}.Preview|Any CPU.Build.0 = Debug|Any CPU
		{FE57EB33-E6B6-42E5-8F36-239736B7FA4C}.Release|Any CPU.ActiveCfg = Release|Any CPU
		{FE57EB33-E6B6-42E5-8F36-239736B7FA4C}.Release|Any CPU.Build.0 = Release|Any CPU
		{857FCBB9-C965-42EE-B671-434EBE1EEA03}.Debug|Any CPU.ActiveCfg = Debug|Any CPU
		{857FCBB9-C965-42EE-B671-434EBE1EEA03}.Debug|Any CPU.Build.0 = Debug|Any CPU
		{857FCBB9-C965-42EE-B671-434EBE1EEA03}.Preview|Any CPU.ActiveCfg = Release|Any CPU
		{857FCBB9-C965-42EE-B671-434EBE1EEA03}.Preview|Any CPU.Build.0 = Release|Any CPU
		{857FCBB9-C965-42EE-B671-434EBE1EEA03}.Release|Any CPU.ActiveCfg = Release|Any CPU
		{857FCBB9-C965-42EE-B671-434EBE1EEA03}.Release|Any CPU.Build.0 = Release|Any CPU
		{9869FAD1-53C4-4F0F-B887-B00FDC10DF3E}.Debug|Any CPU.ActiveCfg = Debug|Any CPU
		{9869FAD1-53C4-4F0F-B887-B00FDC10DF3E}.Debug|Any CPU.Build.0 = Debug|Any CPU
		{9869FAD1-53C4-4F0F-B887-B00FDC10DF3E}.Preview|Any CPU.ActiveCfg = Debug|Any CPU
		{9869FAD1-53C4-4F0F-B887-B00FDC10DF3E}.Preview|Any CPU.Build.0 = Debug|Any CPU
		{9869FAD1-53C4-4F0F-B887-B00FDC10DF3E}.Release|Any CPU.ActiveCfg = Release|Any CPU
		{9869FAD1-53C4-4F0F-B887-B00FDC10DF3E}.Release|Any CPU.Build.0 = Release|Any CPU
		{B1E33822-B845-44BE-80B2-CBD7428DF9CD}.Debug|Any CPU.ActiveCfg = Debug|Any CPU
		{B1E33822-B845-44BE-80B2-CBD7428DF9CD}.Debug|Any CPU.Build.0 = Debug|Any CPU
		{B1E33822-B845-44BE-80B2-CBD7428DF9CD}.Preview|Any CPU.ActiveCfg = Debug|Any CPU
		{B1E33822-B845-44BE-80B2-CBD7428DF9CD}.Preview|Any CPU.Build.0 = Debug|Any CPU
		{B1E33822-B845-44BE-80B2-CBD7428DF9CD}.Release|Any CPU.ActiveCfg = Release|Any CPU
		{B1E33822-B845-44BE-80B2-CBD7428DF9CD}.Release|Any CPU.Build.0 = Release|Any CPU
		{301D7265-E9B5-43DF-A34F-8B85E0CA5532}.Debug|Any CPU.ActiveCfg = Debug|Any CPU
		{301D7265-E9B5-43DF-A34F-8B85E0CA5532}.Debug|Any CPU.Build.0 = Debug|Any CPU
		{301D7265-E9B5-43DF-A34F-8B85E0CA5532}.Preview|Any CPU.ActiveCfg = Debug|Any CPU
		{301D7265-E9B5-43DF-A34F-8B85E0CA5532}.Preview|Any CPU.Build.0 = Debug|Any CPU
		{301D7265-E9B5-43DF-A34F-8B85E0CA5532}.Release|Any CPU.ActiveCfg = Release|Any CPU
		{301D7265-E9B5-43DF-A34F-8B85E0CA5532}.Release|Any CPU.Build.0 = Release|Any CPU
		{B8FC0C21-64D7-47F1-AAB8-48AFE2C65D29}.Debug|Any CPU.ActiveCfg = Debug|Any CPU
		{B8FC0C21-64D7-47F1-AAB8-48AFE2C65D29}.Debug|Any CPU.Build.0 = Debug|Any CPU
		{B8FC0C21-64D7-47F1-AAB8-48AFE2C65D29}.Preview|Any CPU.ActiveCfg = Debug|Any CPU
		{B8FC0C21-64D7-47F1-AAB8-48AFE2C65D29}.Preview|Any CPU.Build.0 = Debug|Any CPU
		{B8FC0C21-64D7-47F1-AAB8-48AFE2C65D29}.Release|Any CPU.ActiveCfg = Release|Any CPU
		{B8FC0C21-64D7-47F1-AAB8-48AFE2C65D29}.Release|Any CPU.Build.0 = Release|Any CPU
		{E0BFC14C-8D4F-4D0F-B9A0-56ED2DD10CB5}.Debug|Any CPU.ActiveCfg = Debug|Any CPU
		{E0BFC14C-8D4F-4D0F-B9A0-56ED2DD10CB5}.Debug|Any CPU.Build.0 = Debug|Any CPU
		{E0BFC14C-8D4F-4D0F-B9A0-56ED2DD10CB5}.Preview|Any CPU.ActiveCfg = Debug|Any CPU
		{E0BFC14C-8D4F-4D0F-B9A0-56ED2DD10CB5}.Preview|Any CPU.Build.0 = Debug|Any CPU
		{E0BFC14C-8D4F-4D0F-B9A0-56ED2DD10CB5}.Release|Any CPU.ActiveCfg = Release|Any CPU
		{E0BFC14C-8D4F-4D0F-B9A0-56ED2DD10CB5}.Release|Any CPU.Build.0 = Release|Any CPU
		{FDA89B85-D7FC-478D-A3F1-BB234267D19A}.Debug|Any CPU.ActiveCfg = Debug|Any CPU
		{FDA89B85-D7FC-478D-A3F1-BB234267D19A}.Debug|Any CPU.Build.0 = Debug|Any CPU
		{FDA89B85-D7FC-478D-A3F1-BB234267D19A}.Preview|Any CPU.ActiveCfg = Debug|Any CPU
		{FDA89B85-D7FC-478D-A3F1-BB234267D19A}.Preview|Any CPU.Build.0 = Debug|Any CPU
		{FDA89B85-D7FC-478D-A3F1-BB234267D19A}.Release|Any CPU.ActiveCfg = Release|Any CPU
		{FDA89B85-D7FC-478D-A3F1-BB234267D19A}.Release|Any CPU.Build.0 = Release|Any CPU
		{D64480B5-AEF0-4F5E-943F-0E4A8AFFCA96}.Debug|Any CPU.ActiveCfg = Debug|Any CPU
		{D64480B5-AEF0-4F5E-943F-0E4A8AFFCA96}.Debug|Any CPU.Build.0 = Debug|Any CPU
		{D64480B5-AEF0-4F5E-943F-0E4A8AFFCA96}.Preview|Any CPU.ActiveCfg = Debug|Any CPU
		{D64480B5-AEF0-4F5E-943F-0E4A8AFFCA96}.Preview|Any CPU.Build.0 = Debug|Any CPU
		{D64480B5-AEF0-4F5E-943F-0E4A8AFFCA96}.Release|Any CPU.ActiveCfg = Release|Any CPU
		{D64480B5-AEF0-4F5E-943F-0E4A8AFFCA96}.Release|Any CPU.Build.0 = Release|Any CPU
		{744EFD28-BD1B-4312-AD9E-1E55022AF0ED}.Debug|Any CPU.ActiveCfg = Debug|Any CPU
		{744EFD28-BD1B-4312-AD9E-1E55022AF0ED}.Debug|Any CPU.Build.0 = Debug|Any CPU
		{744EFD28-BD1B-4312-AD9E-1E55022AF0ED}.Preview|Any CPU.ActiveCfg = Debug|Any CPU
		{744EFD28-BD1B-4312-AD9E-1E55022AF0ED}.Preview|Any CPU.Build.0 = Debug|Any CPU
		{744EFD28-BD1B-4312-AD9E-1E55022AF0ED}.Release|Any CPU.ActiveCfg = Release|Any CPU
		{744EFD28-BD1B-4312-AD9E-1E55022AF0ED}.Release|Any CPU.Build.0 = Release|Any CPU
		{A8AE90CF-3FE0-46E6-AB37-C99A7833BA35}.Debug|Any CPU.ActiveCfg = Debug|Any CPU
		{A8AE90CF-3FE0-46E6-AB37-C99A7833BA35}.Debug|Any CPU.Build.0 = Debug|Any CPU
		{A8AE90CF-3FE0-46E6-AB37-C99A7833BA35}.Preview|Any CPU.ActiveCfg = Debug|Any CPU
		{A8AE90CF-3FE0-46E6-AB37-C99A7833BA35}.Preview|Any CPU.Build.0 = Debug|Any CPU
		{A8AE90CF-3FE0-46E6-AB37-C99A7833BA35}.Release|Any CPU.ActiveCfg = Release|Any CPU
		{A8AE90CF-3FE0-46E6-AB37-C99A7833BA35}.Release|Any CPU.Build.0 = Release|Any CPU
		{C22B46D0-65B5-45C9-89B4-0CF23DE0672C}.Debug|Any CPU.ActiveCfg = Debug|Any CPU
		{C22B46D0-65B5-45C9-89B4-0CF23DE0672C}.Debug|Any CPU.Build.0 = Debug|Any CPU
		{C22B46D0-65B5-45C9-89B4-0CF23DE0672C}.Preview|Any CPU.ActiveCfg = Debug|Any CPU
		{C22B46D0-65B5-45C9-89B4-0CF23DE0672C}.Preview|Any CPU.Build.0 = Debug|Any CPU
		{C22B46D0-65B5-45C9-89B4-0CF23DE0672C}.Release|Any CPU.ActiveCfg = Release|Any CPU
		{C22B46D0-65B5-45C9-89B4-0CF23DE0672C}.Release|Any CPU.Build.0 = Release|Any CPU
		{9286B726-D3B1-4106-84E9-03EDBD0F48D1}.Debug|Any CPU.ActiveCfg = Debug|Any CPU
		{9286B726-D3B1-4106-84E9-03EDBD0F48D1}.Debug|Any CPU.Build.0 = Debug|Any CPU
		{9286B726-D3B1-4106-84E9-03EDBD0F48D1}.Preview|Any CPU.ActiveCfg = Debug|Any CPU
		{9286B726-D3B1-4106-84E9-03EDBD0F48D1}.Preview|Any CPU.Build.0 = Debug|Any CPU
		{9286B726-D3B1-4106-84E9-03EDBD0F48D1}.Release|Any CPU.ActiveCfg = Release|Any CPU
		{9286B726-D3B1-4106-84E9-03EDBD0F48D1}.Release|Any CPU.Build.0 = Release|Any CPU
		{15A5215B-AA92-4A88-A267-E7949D3E94C8}.Debug|Any CPU.ActiveCfg = Debug|Any CPU
		{15A5215B-AA92-4A88-A267-E7949D3E94C8}.Debug|Any CPU.Build.0 = Debug|Any CPU
		{15A5215B-AA92-4A88-A267-E7949D3E94C8}.Preview|Any CPU.ActiveCfg = Debug|Any CPU
		{15A5215B-AA92-4A88-A267-E7949D3E94C8}.Preview|Any CPU.Build.0 = Debug|Any CPU
		{15A5215B-AA92-4A88-A267-E7949D3E94C8}.Release|Any CPU.ActiveCfg = Release|Any CPU
		{15A5215B-AA92-4A88-A267-E7949D3E94C8}.Release|Any CPU.Build.0 = Release|Any CPU
		{901F2C35-D835-42CA-A70C-15A57ABD027E}.Debug|Any CPU.ActiveCfg = Debug|Any CPU
		{901F2C35-D835-42CA-A70C-15A57ABD027E}.Debug|Any CPU.Build.0 = Debug|Any CPU
		{901F2C35-D835-42CA-A70C-15A57ABD027E}.Preview|Any CPU.ActiveCfg = Debug|Any CPU
		{901F2C35-D835-42CA-A70C-15A57ABD027E}.Preview|Any CPU.Build.0 = Debug|Any CPU
		{901F2C35-D835-42CA-A70C-15A57ABD027E}.Release|Any CPU.ActiveCfg = Release|Any CPU
		{901F2C35-D835-42CA-A70C-15A57ABD027E}.Release|Any CPU.Build.0 = Release|Any CPU
		{CCA12AAB-2BC9-4AC8-8373-A9E5D0B655D9}.Debug|Any CPU.ActiveCfg = Debug|Any CPU
		{CCA12AAB-2BC9-4AC8-8373-A9E5D0B655D9}.Debug|Any CPU.Build.0 = Debug|Any CPU
		{CCA12AAB-2BC9-4AC8-8373-A9E5D0B655D9}.Preview|Any CPU.ActiveCfg = Debug|Any CPU
		{CCA12AAB-2BC9-4AC8-8373-A9E5D0B655D9}.Preview|Any CPU.Build.0 = Debug|Any CPU
		{CCA12AAB-2BC9-4AC8-8373-A9E5D0B655D9}.Release|Any CPU.ActiveCfg = Release|Any CPU
		{CCA12AAB-2BC9-4AC8-8373-A9E5D0B655D9}.Release|Any CPU.Build.0 = Release|Any CPU
		{B43CDF79-68AB-4A77-8DF2-11CFC0268BD7}.Debug|Any CPU.ActiveCfg = Debug|Any CPU
		{B43CDF79-68AB-4A77-8DF2-11CFC0268BD7}.Debug|Any CPU.Build.0 = Debug|Any CPU
		{B43CDF79-68AB-4A77-8DF2-11CFC0268BD7}.Preview|Any CPU.ActiveCfg = Debug|Any CPU
		{B43CDF79-68AB-4A77-8DF2-11CFC0268BD7}.Preview|Any CPU.Build.0 = Debug|Any CPU
		{B43CDF79-68AB-4A77-8DF2-11CFC0268BD7}.Release|Any CPU.ActiveCfg = Release|Any CPU
		{B43CDF79-68AB-4A77-8DF2-11CFC0268BD7}.Release|Any CPU.Build.0 = Release|Any CPU
		{0E35B73F-F546-412D-8DD9-7F39C9205D34}.Debug|Any CPU.ActiveCfg = Debug|Any CPU
		{0E35B73F-F546-412D-8DD9-7F39C9205D34}.Debug|Any CPU.Build.0 = Debug|Any CPU
		{0E35B73F-F546-412D-8DD9-7F39C9205D34}.Preview|Any CPU.ActiveCfg = Debug|Any CPU
		{0E35B73F-F546-412D-8DD9-7F39C9205D34}.Preview|Any CPU.Build.0 = Debug|Any CPU
		{0E35B73F-F546-412D-8DD9-7F39C9205D34}.Release|Any CPU.ActiveCfg = Release|Any CPU
		{0E35B73F-F546-412D-8DD9-7F39C9205D34}.Release|Any CPU.Build.0 = Release|Any CPU
		{4EF1B70D-EDAD-40B7-A67C-B7A995F5340F}.Debug|Any CPU.ActiveCfg = Debug|Any CPU
		{4EF1B70D-EDAD-40B7-A67C-B7A995F5340F}.Debug|Any CPU.Build.0 = Debug|Any CPU
		{4EF1B70D-EDAD-40B7-A67C-B7A995F5340F}.Preview|Any CPU.ActiveCfg = Debug|Any CPU
		{4EF1B70D-EDAD-40B7-A67C-B7A995F5340F}.Preview|Any CPU.Build.0 = Debug|Any CPU
		{4EF1B70D-EDAD-40B7-A67C-B7A995F5340F}.Release|Any CPU.ActiveCfg = Release|Any CPU
		{4EF1B70D-EDAD-40B7-A67C-B7A995F5340F}.Release|Any CPU.Build.0 = Release|Any CPU
		{A4463ABB-D3B0-4F18-8B1C-F27164C3966A}.Debug|Any CPU.ActiveCfg = Debug|Any CPU
		{A4463ABB-D3B0-4F18-8B1C-F27164C3966A}.Debug|Any CPU.Build.0 = Debug|Any CPU
		{A4463ABB-D3B0-4F18-8B1C-F27164C3966A}.Preview|Any CPU.ActiveCfg = Debug|Any CPU
		{A4463ABB-D3B0-4F18-8B1C-F27164C3966A}.Preview|Any CPU.Build.0 = Debug|Any CPU
		{A4463ABB-D3B0-4F18-8B1C-F27164C3966A}.Release|Any CPU.ActiveCfg = Release|Any CPU
		{A4463ABB-D3B0-4F18-8B1C-F27164C3966A}.Release|Any CPU.Build.0 = Release|Any CPU
		{90B905AE-81E5-4FC6-971F-BFD0D14C807C}.Debug|Any CPU.ActiveCfg = Debug|Any CPU
		{90B905AE-81E5-4FC6-971F-BFD0D14C807C}.Debug|Any CPU.Build.0 = Debug|Any CPU
		{90B905AE-81E5-4FC6-971F-BFD0D14C807C}.Preview|Any CPU.ActiveCfg = Debug|Any CPU
		{90B905AE-81E5-4FC6-971F-BFD0D14C807C}.Preview|Any CPU.Build.0 = Debug|Any CPU
		{90B905AE-81E5-4FC6-971F-BFD0D14C807C}.Release|Any CPU.ActiveCfg = Release|Any CPU
		{90B905AE-81E5-4FC6-971F-BFD0D14C807C}.Release|Any CPU.Build.0 = Release|Any CPU
		{3AB06A0E-FCE1-4782-812C-E12A492E4772}.Debug|Any CPU.ActiveCfg = Debug|Any CPU
		{3AB06A0E-FCE1-4782-812C-E12A492E4772}.Debug|Any CPU.Build.0 = Debug|Any CPU
		{3AB06A0E-FCE1-4782-812C-E12A492E4772}.Preview|Any CPU.ActiveCfg = Debug|Any CPU
		{3AB06A0E-FCE1-4782-812C-E12A492E4772}.Preview|Any CPU.Build.0 = Debug|Any CPU
		{3AB06A0E-FCE1-4782-812C-E12A492E4772}.Release|Any CPU.ActiveCfg = Release|Any CPU
		{3AB06A0E-FCE1-4782-812C-E12A492E4772}.Release|Any CPU.Build.0 = Release|Any CPU
	EndGlobalSection
	GlobalSection(SolutionProperties) = preSolution
		HideSolutionNode = FALSE
	EndGlobalSection
	GlobalSection(NestedProjects) = preSolution
		{07155A09-D9AC-4850-94C4-2EF2034F15DA} = {F5606303-B842-479D-B99B-4DB88AFED211}
		{7EDCC43C-D22C-4A10-9334-0D60E600B17B} = {F5606303-B842-479D-B99B-4DB88AFED211}
		{ED2EE2C9-F9C0-4A9F-B643-CE2B67FF415E} = {F5606303-B842-479D-B99B-4DB88AFED211}
		{DE7716CE-0AA5-421F-829C-11A2933CAC11} = {F5606303-B842-479D-B99B-4DB88AFED211}
		{F8ED0084-A809-4F0B-BE68-D6B2F694C52C} = {F5606303-B842-479D-B99B-4DB88AFED211}
		{857FCBB9-C965-42EE-B671-434EBE1EEA03} = {F8ED0084-A809-4F0B-BE68-D6B2F694C52C}
		{B1E33822-B845-44BE-80B2-CBD7428DF9CD} = {7598D3CE-5270-4A5E-9A66-E8E8CC771339}
		{301D7265-E9B5-43DF-A34F-8B85E0CA5532} = {7598D3CE-5270-4A5E-9A66-E8E8CC771339}
		{B8FC0C21-64D7-47F1-AAB8-48AFE2C65D29} = {7598D3CE-5270-4A5E-9A66-E8E8CC771339}
		{E0BFC14C-8D4F-4D0F-B9A0-56ED2DD10CB5} = {7598D3CE-5270-4A5E-9A66-E8E8CC771339}
		{FDA89B85-D7FC-478D-A3F1-BB234267D19A} = {7598D3CE-5270-4A5E-9A66-E8E8CC771339}
		{D64480B5-AEF0-4F5E-943F-0E4A8AFFCA96} = {7598D3CE-5270-4A5E-9A66-E8E8CC771339}
		{744EFD28-BD1B-4312-AD9E-1E55022AF0ED} = {7598D3CE-5270-4A5E-9A66-E8E8CC771339}
		{A8AE90CF-3FE0-46E6-AB37-C99A7833BA35} = {7598D3CE-5270-4A5E-9A66-E8E8CC771339}
		{C22B46D0-65B5-45C9-89B4-0CF23DE0672C} = {7598D3CE-5270-4A5E-9A66-E8E8CC771339}
		{9286B726-D3B1-4106-84E9-03EDBD0F48D1} = {7598D3CE-5270-4A5E-9A66-E8E8CC771339}
		{15A5215B-AA92-4A88-A267-E7949D3E94C8} = {7598D3CE-5270-4A5E-9A66-E8E8CC771339}
		{901F2C35-D835-42CA-A70C-15A57ABD027E} = {84BC19E7-598D-4FA2-9B3B-5049B420A0CD}
		{CCA12AAB-2BC9-4AC8-8373-A9E5D0B655D9} = {7598D3CE-5270-4A5E-9A66-E8E8CC771339}
		{B43CDF79-68AB-4A77-8DF2-11CFC0268BD7} = {7598D3CE-5270-4A5E-9A66-E8E8CC771339}
		{0E35B73F-F546-412D-8DD9-7F39C9205D34} = {7598D3CE-5270-4A5E-9A66-E8E8CC771339}
		{4EF1B70D-EDAD-40B7-A67C-B7A995F5340F} = {F5606303-B842-479D-B99B-4DB88AFED211}
		{A4463ABB-D3B0-4F18-8B1C-F27164C3966A} = {E6D4F13B-9013-4707-9E6B-5190B9E32A1F}
		{90B905AE-81E5-4FC6-971F-BFD0D14C807C} = {7598D3CE-5270-4A5E-9A66-E8E8CC771339}
		{3AB06A0E-FCE1-4782-812C-E12A492E4772} = {E6D4F13B-9013-4707-9E6B-5190B9E32A1F}
		{E6D4F13B-9013-4707-9E6B-5190B9E32A1F} = {7598D3CE-5270-4A5E-9A66-E8E8CC771339}
	EndGlobalSection
	GlobalSection(ExtensibilityGlobals) = postSolution
		SolutionGuid = {2B9698BD-88AE-4165-9322-67F121A4B26B}
	EndGlobalSection
EndGlobal
